
Microsoft Visual Studio Solution File, Format Version 12.00
# Visual Studio Version 17
VisualStudioVersion = 17.8.34511.84
MinimumVisualStudioVersion = 10.0.40219.1
Project("{9A19103F-16F7-4668-BE54-9A1E7A4F7556}") = "CBAS", "CBAS.csproj", "{F0FB30F9-2B8C-4658-92B7-0A99702A2586}"
EndProject
Project("{FAE04EC0-301F-11D3-BF4B-00C04F79EFBC}") = "CBASUnitTest", "UnitTest\CBASUnitTest\CBASUnitTest.csproj", "{0D532F2D-C16A-472E-8A3F-87EE780F822D}"
EndProject
Global
	GlobalSection(SolutionConfigurationPlatforms) = preSolution
		Debug|Any CPU = Debug|Any CPU
		Release|Any CPU = Release|Any CPU
	EndGlobalSection
	GlobalSection(ProjectConfigurationPlatforms) = postSolution
		{F0FB30F9-2B8C-4658-92B7-0A99702A2586}.Debug|Any CPU.ActiveCfg = Debug|Any CPU
		{F0FB30F9-2B8C-4658-92B7-0A99702A2586}.Debug|Any CPU.Build.0 = Debug|Any CPU
		{F0FB30F9-2B8C-4658-92B7-0A99702A2586}.Release|Any CPU.ActiveCfg = Release|Any CPU
		{F0FB30F9-2B8C-4658-92B7-0A99702A2586}.Release|Any CPU.Build.0 = Release|Any CPU
		{0D532F2D-C16A-472E-8A3F-87EE780F822D}.Debug|Any CPU.ActiveCfg = Debug|Any CPU
		{0D532F2D-C16A-472E-8A3F-87EE780F822D}.Debug|Any CPU.Build.0 = Debug|Any CPU
		{0D532F2D-C16A-472E-8A3F-87EE780F822D}.Release|Any CPU.ActiveCfg = Release|Any CPU
		{0D532F2D-C16A-472E-8A3F-87EE780F822D}.Release|Any CPU.Build.0 = Release|Any CPU
	EndGlobalSection
	GlobalSection(SolutionProperties) = preSolution
		HideSolutionNode = FALSE
	EndGlobalSection
	GlobalSection(ExtensibilityGlobals) = postSolution
		SolutionGuid = {3FC3562D-CA79-401A-850A-BFAF4B76B7D0}
	EndGlobalSection
EndGlobal
